// !$*UTF8*$!
{
	archiveVersion = 1;
	classes = {
	};
	objectVersion = 46;
	objects = {

/* Begin PBXBuildFile section */
		AF07BB891DACA9EA00A4B1D0 /* ios7-arrow-forward.png in Resources */ = {isa = PBXBuildFile; fileRef = AF07BB881DACA9EA00A4B1D0 /* ios7-arrow-forward.png */; };
		AF07BB8D1DACAA9000A4B1D0 /* ios7-baseball-outline.png in Resources */ = {isa = PBXBuildFile; fileRef = AF07BB8A1DACAA9000A4B1D0 /* ios7-baseball-outline.png */; };
		AF07BB8E1DACAA9000A4B1D0 /* ios7-bolt-outline.png in Resources */ = {isa = PBXBuildFile; fileRef = AF07BB8B1DACAA9000A4B1D0 /* ios7-bolt-outline.png */; };
		AF07BB8F1DACAA9000A4B1D0 /* ios7-briefcase-outline.png in Resources */ = {isa = PBXBuildFile; fileRef = AF07BB8C1DACAA9000A4B1D0 /* ios7-briefcase-outline.png */; };
		AF07BB941DACB1BF00A4B1D0 /* icon_favorite.png in Resources */ = {isa = PBXBuildFile; fileRef = AF07BB901DACB1BF00A4B1D0 /* icon_favorite.png */; };
		AF07BB951DACB1BF00A4B1D0 /* icon_home.png in Resources */ = {isa = PBXBuildFile; fileRef = AF07BB911DACB1BF00A4B1D0 /* icon_home.png */; };
		AF07BB961DACB1BF00A4B1D0 /* icon_search.png in Resources */ = {isa = PBXBuildFile; fileRef = AF07BB921DACB1BF00A4B1D0 /* icon_search.png */; };
		AF07BB971DACB1BF00A4B1D0 /* icon_starred.png in Resources */ = {isa = PBXBuildFile; fileRef = AF07BB931DACB1BF00A4B1D0 /* icon_starred.png */; };
		AF07BB991DADFAC400A4B1D0 /* CoreGraphics.framework in Frameworks */ = {isa = PBXBuildFile; fileRef = AF07BB981DADFAC400A4B1D0 /* CoreGraphics.framework */; };
		AF9B02B11DAC987E00E30DA2 /* main.m in Sources */ = {isa = PBXBuildFile; fileRef = AF9B02B01DAC987E00E30DA2 /* main.m */; };
		AF9B02B41DAC987E00E30DA2 /* AppDelegate.m in Sources */ = {isa = PBXBuildFile; fileRef = AF9B02B31DAC987E00E30DA2 /* AppDelegate.m */; };
		AF9B02B71DAC987E00E30DA2 /* ViewController.m in Sources */ = {isa = PBXBuildFile; fileRef = AF9B02B61DAC987E00E30DA2 /* ViewController.m */; };
		AF9B02BA1DAC987E00E30DA2 /* Main.storyboard in Resources */ = {isa = PBXBuildFile; fileRef = AF9B02B81DAC987E00E30DA2 /* Main.storyboard */; };
		AF9B02BC1DAC987E00E30DA2 /* Assets.xcassets in Resources */ = {isa = PBXBuildFile; fileRef = AF9B02BB1DAC987E00E30DA2 /* Assets.xcassets */; };
		AF9B02BF1DAC987E00E30DA2 /* LaunchScreen.storyboard in Resources */ = {isa = PBXBuildFile; fileRef = AF9B02BD1DAC987E00E30DA2 /* LaunchScreen.storyboard */; };
		AF9B02C81DAC993A00E30DA2 /* MHSlideMenu.m in Sources */ = {isa = PBXBuildFile; fileRef = AF9B02C71DAC993A00E30DA2 /* MHSlideMenu.m */; };
		AF9B02CC1DAC996E00E30DA2 /* MHSlideMenuItem.m in Sources */ = {isa = PBXBuildFile; fileRef = AF9B02CB1DAC996E00E30DA2 /* MHSlideMenuItem.m */; };
/* End PBXBuildFile section */

/* Begin PBXFileReference section */
		AF07BB881DACA9EA00A4B1D0 /* ios7-arrow-forward.png */ = {isa = PBXFileReference; lastKnownFileType = image.png; name = "ios7-arrow-forward.png"; path = "SlideMenu/ios7-arrow-forward.png"; sourceTree = "<group>"; };
		AF07BB8A1DACAA9000A4B1D0 /* ios7-baseball-outline.png */ = {isa = PBXFileReference; lastKnownFileType = image.png; path = "ios7-baseball-outline.png"; sourceTree = "<group>"; };
		AF07BB8B1DACAA9000A4B1D0 /* ios7-bolt-outline.png */ = {isa = PBXFileReference; lastKnownFileType = image.png; path = "ios7-bolt-outline.png"; sourceTree = "<group>"; };
		AF07BB8C1DACAA9000A4B1D0 /* ios7-briefcase-outline.png */ = {isa = PBXFileReference; lastKnownFileType = image.png; path = "ios7-briefcase-outline.png"; sourceTree = "<group>"; };
		AF07BB901DACB1BF00A4B1D0 /* icon_favorite.png */ = {isa = PBXFileReference; lastKnownFileType = image.png; path = icon_favorite.png; sourceTree = "<group>"; };
		AF07BB911DACB1BF00A4B1D0 /* icon_home.png */ = {isa = PBXFileReference; lastKnownFileType = image.png; path = icon_home.png; sourceTree = "<group>"; };
		AF07BB921DACB1BF00A4B1D0 /* icon_search.png */ = {isa = PBXFileReference; lastKnownFileType = image.png; path = icon_search.png; sourceTree = "<group>"; };
		AF07BB931DACB1BF00A4B1D0 /* icon_starred.png */ = {isa = PBXFileReference; lastKnownFileType = image.png; path = icon_starred.png; sourceTree = "<group>"; };
		AF07BB981DADFAC400A4B1D0 /* CoreGraphics.framework */ = {isa = PBXFileReference; lastKnownFileType = wrapper.framework; name = CoreGraphics.framework; path = System/Library/Frameworks/CoreGraphics.framework; sourceTree = SDKROOT; };
		AF9B02AC1DAC987E00E30DA2 /* SlideMenu.app */ = {isa = PBXFileReference; explicitFileType = wrapper.application; includeInIndex = 0; path = SlideMenu.app; sourceTree = BUILT_PRODUCTS_DIR; };
		AF9B02B01DAC987E00E30DA2 /* main.m */ = {isa = PBXFileReference; lastKnownFileType = sourcecode.c.objc; path = main.m; sourceTree = "<group>"; };
		AF9B02B21DAC987E00E30DA2 /* AppDelegate.h */ = {isa = PBXFileReference; lastKnownFileType = sourcecode.c.h; path = AppDelegate.h; sourceTree = "<group>"; };
		AF9B02B31DAC987E00E30DA2 /* AppDelegate.m */ = {isa = PBXFileReference; lastKnownFileType = sourcecode.c.objc; path = AppDelegate.m; sourceTree = "<group>"; };
		AF9B02B51DAC987E00E30DA2 /* ViewController.h */ = {isa = PBXFileReference; lastKnownFileType = sourcecode.c.h; path = ViewController.h; sourceTree = "<group>"; };
		AF9B02B61DAC987E00E30DA2 /* ViewController.m */ = {isa = PBXFileReference; lastKnownFileType = sourcecode.c.objc; path = ViewController.m; sourceTree = "<group>"; };
		AF9B02B91DAC987E00E30DA2 /* Base */ = {isa = PBXFileReference; lastKnownFileType = file.storyboard; name = Base; path = Base.lproj/Main.storyboard; sourceTree = "<group>"; };
		AF9B02BB1DAC987E00E30DA2 /* Assets.xcassets */ = {isa = PBXFileReference; lastKnownFileType = folder.assetcatalog; path = Assets.xcassets; sourceTree = "<group>"; };
		AF9B02BE1DAC987E00E30DA2 /* Base */ = {isa = PBXFileReference; lastKnownFileType = file.storyboard; name = Base; path = Base.lproj/LaunchScreen.storyboard; sourceTree = "<group>"; };
		AF9B02C01DAC987E00E30DA2 /* Info.plist */ = {isa = PBXFileReference; lastKnownFileType = text.plist.xml; path = Info.plist; sourceTree = "<group>"; };
		AF9B02C61DAC993A00E30DA2 /* MHSlideMenu.h */ = {isa = PBXFileReference; fileEncoding = 4; lastKnownFileType = sourcecode.c.h; name = MHSlideMenu.h; path = SlideMenu/MHSlideMenu.h; sourceTree = "<group>"; };
		AF9B02C71DAC993A00E30DA2 /* MHSlideMenu.m */ = {isa = PBXFileReference; fileEncoding = 4; lastKnownFileType = sourcecode.c.objc; name = MHSlideMenu.m; path = SlideMenu/MHSlideMenu.m; sourceTree = "<group>"; };
		AF9B02CA1DAC996E00E30DA2 /* MHSlideMenuItem.h */ = {isa = PBXFileReference; fileEncoding = 4; lastKnownFileType = sourcecode.c.h; name = MHSlideMenuItem.h; path = SlideMenu/MHSlideMenuItem.h; sourceTree = "<group>"; };
		AF9B02CB1DAC996E00E30DA2 /* MHSlideMenuItem.m */ = {isa = PBXFileReference; fileEncoding = 4; lastKnownFileType = sourcecode.c.objc; name = MHSlideMenuItem.m; path = SlideMenu/MHSlideMenuItem.m; sourceTree = "<group>"; };
/* End PBXFileReference section */

/* Begin PBXFrameworksBuildPhase section */
		AF9B02A91DAC987E00E30DA2 /* Frameworks */ = {
			isa = PBXFrameworksBuildPhase;
			buildActionMask = 2147483647;
			files = (
				AF07BB991DADFAC400A4B1D0 /* CoreGraphics.framework in Frameworks */,
			);
			runOnlyForDeploymentPostprocessing = 0;
		};
/* End PBXFrameworksBuildPhase section */

/* Begin PBXGroup section */
		AF9B02A31DAC987E00E30DA2 = {
			isa = PBXGroup;
			children = (
				AF07BB981DADFAC400A4B1D0 /* CoreGraphics.framework */,
				AF9B02AE1DAC987E00E30DA2 /* SlideMenu */,
				AF9B02AD1DAC987E00E30DA2 /* Products */,
			);
			sourceTree = "<group>";
		};
		AF9B02AD1DAC987E00E30DA2 /* Products */ = {
			isa = PBXGroup;
			children = (
				AF9B02AC1DAC987E00E30DA2 /* SlideMenu.app */,
			);
			name = Products;
			sourceTree = "<group>";
		};
		AF9B02AE1DAC987E00E30DA2 /* SlideMenu */ = {
			isa = PBXGroup;
			children = (
				AF07BB901DACB1BF00A4B1D0 /* icon_favorite.png */,
				AF07BB911DACB1BF00A4B1D0 /* icon_home.png */,
				AF07BB921DACB1BF00A4B1D0 /* icon_search.png */,
				AF07BB931DACB1BF00A4B1D0 /* icon_starred.png */,
				AF07BB8A1DACAA9000A4B1D0 /* ios7-baseball-outline.png */,
				AF07BB8B1DACAA9000A4B1D0 /* ios7-bolt-outline.png */,
				AF07BB8C1DACAA9000A4B1D0 /* ios7-briefcase-outline.png */,
				AF9B02C91DAC995A00E30DA2 /* SlideMenu */,
				AF9B02B21DAC987E00E30DA2 /* AppDelegate.h */,
				AF9B02B31DAC987E00E30DA2 /* AppDelegate.m */,
				AF9B02B51DAC987E00E30DA2 /* ViewController.h */,
				AF9B02B61DAC987E00E30DA2 /* ViewController.m */,
				AF9B02B81DAC987E00E30DA2 /* Main.storyboard */,
				AF9B02BB1DAC987E00E30DA2 /* Assets.xcassets */,
				AF9B02BD1DAC987E00E30DA2 /* LaunchScreen.storyboard */,
				AF9B02C01DAC987E00E30DA2 /* Info.plist */,
				AF9B02AF1DAC987E00E30DA2 /* Supporting Files */,
			);
			path = SlideMenu;
			sourceTree = "<group>";
		};
		AF9B02AF1DAC987E00E30DA2 /* Supporting Files */ = {
			isa = PBXGroup;
			children = (
				AF9B02B01DAC987E00E30DA2 /* main.m */,
			);
			name = "Supporting Files";
			sourceTree = "<group>";
		};
		AF9B02C91DAC995A00E30DA2 /* SlideMenu */ = {
			isa = PBXGroup;
			children = (
				AF07BB881DACA9EA00A4B1D0 /* ios7-arrow-forward.png */,
				AF9B02C61DAC993A00E30DA2 /* MHSlideMenu.h */,
				AF9B02C71DAC993A00E30DA2 /* MHSlideMenu.m */,
				AF9B02CA1DAC996E00E30DA2 /* MHSlideMenuItem.h */,
				AF9B02CB1DAC996E00E30DA2 /* MHSlideMenuItem.m */,
			);
			name = SlideMenu;
			sourceTree = "<group>";
		};
/* End PBXGroup section */

/* Begin PBXNativeTarget section */
		AF9B02AB1DAC987E00E30DA2 /* SlideMenu */ = {
			isa = PBXNativeTarget;
			buildConfigurationList = AF9B02C31DAC987E00E30DA2 /* Build configuration list for PBXNativeTarget "SlideMenu" */;
			buildPhases = (
				AF9B02A81DAC987E00E30DA2 /* Sources */,
				AF9B02A91DAC987E00E30DA2 /* Frameworks */,
				AF9B02AA1DAC987E00E30DA2 /* Resources */,
			);
			buildRules = (
			);
			dependencies = (
			);
			name = SlideMenu;
			productName = SlideMenu;
			productReference = AF9B02AC1DAC987E00E30DA2 /* SlideMenu.app */;
			productType = "com.apple.product-type.application";
		};
/* End PBXNativeTarget section */

/* Begin PBXProject section */
		AF9B02A41DAC987E00E30DA2 /* Project object */ = {
			isa = PBXProject;
			attributes = {
				LastUpgradeCheck = 0730;
				ORGANIZATIONNAME = longminghong;
				TargetAttributes = {
					AF9B02AB1DAC987E00E30DA2 = {
						CreatedOnToolsVersion = 7.3.1;
					};
				};
			};
			buildConfigurationList = AF9B02A71DAC987E00E30DA2 /* Build configuration list for PBXProject "SlideMenu" */;
			compatibilityVersion = "Xcode 3.2";
			developmentRegion = English;
			hasScannedForEncodings = 0;
			knownRegions = (
				en,
				Base,
			);
			mainGroup = AF9B02A31DAC987E00E30DA2;
			productRefGroup = AF9B02AD1DAC987E00E30DA2 /* Products */;
			projectDirPath = "";
			projectRoot = "";
			targets = (
				AF9B02AB1DAC987E00E30DA2 /* SlideMenu */,
			);
		};
/* End PBXProject section */

/* Begin PBXResourcesBuildPhase section */
		AF9B02AA1DAC987E00E30DA2 /* Resources */ = {
			isa = PBXResourcesBuildPhase;
			buildActionMask = 2147483647;
			files = (
				AF07BB961DACB1BF00A4B1D0 /* icon_search.png in Resources */,
				AF07BB951DACB1BF00A4B1D0 /* icon_home.png in Resources */,
				AF07BB8F1DACAA9000A4B1D0 /* ios7-briefcase-outline.png in Resources */,
				AF9B02BF1DAC987E00E30DA2 /* LaunchScreen.storyboard in Resources */,
				AF07BB8E1DACAA9000A4B1D0 /* ios7-bolt-outline.png in Resources */,
				AF07BB891DACA9EA00A4B1D0 /* ios7-arrow-forward.png in Resources */,
				AF07BB941DACB1BF00A4B1D0 /* icon_favorite.png in Resources */,
				AF9B02BC1DAC987E00E30DA2 /* Assets.xcassets in Resources */,
				AF07BB971DACB1BF00A4B1D0 /* icon_starred.png in Resources */,
				AF9B02BA1DAC987E00E30DA2 /* Main.storyboard in Resources */,
				AF07BB8D1DACAA9000A4B1D0 /* ios7-baseball-outline.png in Resources */,
			);
			runOnlyForDeploymentPostprocessing = 0;
		};
/* End PBXResourcesBuildPhase section */

/* Begin PBXSourcesBuildPhase section */
		AF9B02A81DAC987E00E30DA2 /* Sources */ = {
			isa = PBXSourcesBuildPhase;
			buildActionMask = 2147483647;
			files = (
				AF9B02B71DAC987E00E30DA2 /* ViewController.m in Sources */,
				AF9B02B41DAC987E00E30DA2 /* AppDelegate.m in Sources */,
				AF9B02CC1DAC996E00E30DA2 /* MHSlideMenuItem.m in Sources */,
				AF9B02B11DAC987E00E30DA2 /* main.m in Sources */,
				AF9B02C81DAC993A00E30DA2 /* MHSlideMenu.m in Sources */,
			);
			runOnlyForDeploymentPostprocessing = 0;
		};
/* End PBXSourcesBuildPhase section */

/* Begin PBXVariantGroup section */
		AF9B02B81DAC987E00E30DA2 /* Main.storyboard */ = {
			isa = PBXVariantGroup;
			children = (
				AF9B02B91DAC987E00E30DA2 /* Base */,
			);
			name = Main.storyboard;
			sourceTree = "<group>";
		};
		AF9B02BD1DAC987E00E30DA2 /* LaunchScreen.storyboard */ = {
			isa = PBXVariantGroup;
			children = (
				AF9B02BE1DAC987E00E30DA2 /* Base */,
			);
			name = LaunchScreen.storyboard;
			sourceTree = "<group>";
		};
/* End PBXVariantGroup section */

/* Begin XCBuildConfiguration section */
		AF9B02C11DAC987E00E30DA2 /* Debug */ = {
			isa = XCBuildConfiguration;
			buildSettings = {
				ALWAYS_SEARCH_USER_PATHS = NO;
				CLANG_ANALYZER_NONNULL = YES;
				CLANG_CXX_LANGUAGE_STANDARD = "gnu++0x";
				CLANG_CXX_LIBRARY = "libc++";
				CLANG_ENABLE_MODULES = YES;
				CLANG_ENABLE_OBJC_ARC = YES;
				CLANG_WARN_BOOL_CONVERSION = YES;
				CLANG_WARN_CONSTANT_CONVERSION = YES;
				CLANG_WARN_DIRECT_OBJC_ISA_USAGE = YES_ERROR;
				CLANG_WARN_EMPTY_BODY = YES;
				CLANG_WARN_ENUM_CONVERSION = YES;
				CLANG_WARN_INT_CONVERSION = YES;
				CLANG_WARN_OBJC_ROOT_CLASS = YES_ERROR;
				CLANG_WARN_UNREACHABLE_CODE = YES;
				CLANG_WARN__DUPLICATE_METHOD_MATCH = YES;
				"CODE_SIGN_IDENTITY[sdk=iphoneos*]" = "iPhone Developer";
				COPY_PHASE_STRIP = NO;
				DEBUG_INFORMATION_FORMAT = dwarf;
				ENABLE_STRICT_OBJC_MSGSEND = YES;
				ENABLE_TESTABILITY = YES;
				GCC_C_LANGUAGE_STANDARD = gnu99;
				GCC_DYNAMIC_NO_PIC = NO;
				GCC_NO_COMMON_BLOCKS = YES;
				GCC_OPTIMIZATION_LEVEL = 0;
				GCC_PREPROCESSOR_DEFINITIONS = (
					"DEBUG=1",
					"$(inherited)",
				);
				GCC_WARN_64_TO_32_BIT_CONVERSION = YES;
				GCC_WARN_ABOUT_RETURN_TYPE = YES_ERROR;
				GCC_WARN_UNDECLARED_SELECTOR = YES;
				GCC_WARN_UNINITIALIZED_AUTOS = YES_AGGRESSIVE;
				GCC_WARN_UNUSED_FUNCTION = YES;
				GCC_WARN_UNUSED_VARIABLE = YES;
				IPHONEOS_DEPLOYMENT_TARGET = 9.3;
				MTL_ENABLE_DEBUG_INFO = YES;
				ONLY_ACTIVE_ARCH = YES;
				SDKROOT = iphoneos;
			};
			name = Debug;
		};
		AF9B02C21DAC987E00E30DA2 /* Release */ = {
			isa = XCBuildConfiguration;
			buildSettings = {
				ALWAYS_SEARCH_USER_PATHS = NO;
				CLANG_ANALYZER_NONNULL = YES;
				CLANG_CXX_LANGUAGE_STANDARD = "gnu++0x";
				CLANG_CXX_LIBRARY = "libc++";
				CLANG_ENABLE_MODULES = YES;
				CLANG_ENABLE_OBJC_ARC = YES;
				CLANG_WARN_BOOL_CONVERSION = YES;
				CLANG_WARN_CONSTANT_CONVERSION = YES;
				CLANG_WARN_DIRECT_OBJC_ISA_USAGE = YES_ERROR;
				CLANG_WARN_EMPTY_BODY = YES;
				CLANG_WARN_ENUM_CONVERSION = YES;
				CLANG_WARN_INT_CONVERSION = YES;
				CLANG_WARN_OBJC_ROOT_CLASS = YES_ERROR;
				CLANG_WARN_UNREACHABLE_CODE = YES;
				CLANG_WARN__DUPLICATE_METHOD_MATCH = YES;
				"CODE_SIGN_IDENTITY[sdk=iphoneos*]" = "iPhone Developer";
				COPY_PHASE_STRIP = NO;
				DEBUG_INFORMATION_FORMAT = "dwarf-with-dsym";
				ENABLE_NS_ASSERTIONS = NO;
				ENABLE_STRICT_OBJC_MSGSEND = YES;
				GCC_C_LANGUAGE_STANDARD = gnu99;
				GCC_NO_COMMON_BLOCKS = YES;
				GCC_WARN_64_TO_32_BIT_CONVERSION = YES;
				GCC_WARN_ABOUT_RETURN_TYPE = YES_ERROR;
				GCC_WARN_UNDECLARED_SELECTOR = YES;
				GCC_WARN_UNINITIALIZED_AUTOS = YES_AGGRESSIVE;
				GCC_WARN_UNUSED_FUNCTION = YES;
				GCC_WARN_UNUSED_VARIABLE = YES;
				IPHONEOS_DEPLOYMENT_TARGET = 9.3;
				MTL_ENABLE_DEBUG_INFO = NO;
				SDKROOT = iphoneos;
				VALIDATE_PRODUCT = YES;
			};
			name = Release;
		};
		AF9B02C41DAC987E00E30DA2 /* Debug */ = {
			isa = XCBuildConfiguration;
			buildSettings = {
				ASSETCATALOG_COMPILER_APPICON_NAME = AppIcon;
				INFOPLIST_FILE = SlideMenu/Info.plist;
				LD_RUNPATH_SEARCH_PATHS = "$(inherited) @executable_path/Frameworks";
				PRODUCT_BUNDLE_IDENTIFIER = com.longminghong.SlideMenu;
				PRODUCT_NAME = "$(TARGET_NAME)";
			};
			name = Debug;
		};
		AF9B02C51DAC987E00E30DA2 /* Release */ = {
			isa = XCBuildConfiguration;
			buildSettings = {
				ASSETCATALOG_COMPILER_APPICON_NAME = AppIcon;
				INFOPLIST_FILE = SlideMenu/Info.plist;
				LD_RUNPATH_SEARCH_PATHS = "$(inherited) @executable_path/Frameworks";
				PRODUCT_BUNDLE_IDENTIFIER = com.longminghong.SlideMenu;
				PRODUCT_NAME = "$(TARGET_NAME)";
			};
			name = Release;
		};
/* End XCBuildConfiguration section */

/* Begin XCConfigurationList section */
		AF9B02A71DAC987E00E30DA2 /* Build configuration list for PBXProject "SlideMenu" */ = {
			isa = XCConfigurationList;
			buildConfigurations = (
				AF9B02C11DAC987E00E30DA2 /* Debug */,
				AF9B02C21DAC987E00E30DA2 /* Release */,
			);
			defaultConfigurationIsVisible = 0;
			defaultConfigurationName = Release;
		};
		AF9B02C31DAC987E00E30DA2 /* Build configuration list for PBXNativeTarget "SlideMenu" */ = {
			isa = XCConfigurationList;
			buildConfigurations = (
				AF9B02C41DAC987E00E30DA2 /* Debug */,
				AF9B02C51DAC987E00E30DA2 /* Release */,
			);
			defaultConfigurationIsVisible = 0;
			defaultConfigurationName = Release;
		};
/* End XCConfigurationList section */
	};
	rootObject = AF9B02A41DAC987E00E30DA2 /* Project object */;
}
